PODS:
  - AFNetworking (4.0.1):
    - AFNetworking/NSURLSession (= 4.0.1)
    - AFNetworking/Reachability (= 4.0.1)
    - AFNetworking/Security (= 4.0.1)
    - AFNetworking/Serialization (= 4.0.1)
    - AFNetworking/UIKit (= 4.0.1)
  - AFNetworking/NSURLSession (4.0.1):
    - AFNetworking/Reachability
    - AFNetworking/Security
    - AFNetworking/Serialization
  - AFNetworking/Reachability (4.0.1)
  - AFNetworking/Security (4.0.1)
  - AFNetworking/Serialization (4.0.1)
  - AFNetworking/UIKit (4.0.1):
    - AFNetworking/NSURLSession
  - OCMock (3.2.2)
  - SocketRocket (0.4.2)

DEPENDENCIES:
  - AFNetworking (~> 4.0)
  - OCMock
  - SocketRocket (= 0.4.2)

SPEC REPOS:
  trunk:
    - AFNetworking
    - OCMock
    - SocketRocket

SPEC CHECKSUMS:
  AFNetworking: 7864c38297c79aaca1500c33288e429c3451fdce
  OCMock: 18c9b7e67d4c2770e95bb77a9cc1ae0c91fe3835
  SocketRocket: ffe08119b00ef982f6c37052a4705a057c8494ad

PODFILE CHECKSUM: 28becdf6df00fbe13650a967ea838f15db52a051

COCOAPODS: 1.9.3
